# Generated by buf. DO NOT EDIT.
version: v1
deps:
  - remote: buf.build
    owner: tmc
    repository: fhir
    commit: 2884b02ee85a40a7a7719e5cac6b9731
    digest: shake256:ef3c8cf92d92d3b331d609819e7b84b1bbb9183d88cd1b197d70bebd2d788f50e93de6c13913504c6926035ca4539830c2f643c698405c5edf166a2bc0aee52b
