# Generated by buf. DO NOT EDIT.
version: v1
deps:
  - remote: buf.build
    owner: tmc
    repository: fhir
    commit: a4ff1fe01ac348248638916a3342d3eb
    digest: shake256:293628c83fdf978350c6acf1d984983a62da8b2878d53dabd647bf6bbef0c694075e69cbb0c750fe681edc863550cf60eefd72ca6f5163f506dde514b08061a4
